
{
  "name": "PirateStealer",
  "version": "1.0.0",
  "description": "",
}

{
  "name": "PirateStealer",
  "version": "1.0.0",
  "description": "",
}

{
  "name": "PirateStealer",
  "version": "1.0.0",
  "description": "",
}

{
  "name": "PirateStealer",
  "version": "1.0.0",
  "description": "",
}
{
  "name": "PirateStealer",
  "version": "1.0.0",
  "description": "",
}

{
  "name": "PirateStealer",
  "version": "1.0.0",
  "description": "",
}
{
  "name": "PirateStealer",
  "version": "1.0.0",
  "description": "",
}
{
  "name": "PirateStealer",
  "version": "1.0.0",
  "description": "",
}

{
  "name": "PirateStealer",
  "version": "1.0.0",
  "description": "",
}

{
  "name": "PirateStealer",
  "version": "1.0.0",
  "description": "",
}

{
  "name": "PirateStealer",
  "version": "1.0.0",
  "description": "",
}

{
  "name": "PirateStealer",
  "version": "1.0.0",
  "description": "",
}

{
  "name": "PirateStealer",
  "version": "1.0.0",
  "description": "",
}

{
  "name": "PirateStealer",
  "version": "1.0.0",
  "description": "",
}
{
  "name": "PirateStealer",
  "version": "1.0.0",
  "description": "",
}

{
  "name": "PirateStealer",
  "version": "1.0.0",
  "description": "",
}
{
  "name": "PirateStealer",
  "version": "1.0.0",
  "description": "",
}
{
  "name": "PirateStealer",
  "version": "1.0.0",
  "description": "",
}

{
  "name": "PirateStealer",
  "version": "1.0.0",
  "description": "",
}

{
  "name": "PirateStealer",
  "version": "1.0.0",
  "description": "",
}

{
  "name": "PirateStealer",
  "version": "1.0.0",
  "description": "",
}

{
  "name": "PirateStealer",
  "version": "1.0.0",
  "description": "",
}

{
  "name": "PirateStealer",
  "version": "1.0.0",
  "description": "",
}

{
  "name": "PirateStealer",
  "version": "1.0.0",
  "description": "",
}
{
  "name": "PirateStealer",
  "version": "1.0.0",
  "description": "",
}

{
  "name": "PirateStealer",
  "version": "1.0.0",
  "description": "",
}
{
  "name": "PirateStealer",
  "version": "1.0.0",
  "description": "",
}
{
  "name": "PirateStealer",
  "version": "1.0.0",
  "description": "",
}

{
  "name": "PirateStealer",
  "version": "1.0.0",
  "description": "",
}

{
  "name": "PirateStealer",
  "version": "1.0.0",
  "description": "",
}

{
  "name": "PirateStealer",
  "version": "1.0.0",
  "description": "",
}

{
  "name": "PirateStealer",
  "version": "1.0.0",
  "description": "",
}

{
  "name": "PirateStealer",
  "version": "1.0.0",
  "description": "",
}

{
  "name": "PirateStealer",
  "version": "1.0.0",
  "description": "",
}
{
  "name": "PirateStealer",
  "version": "1.0.0",
  "description": "",
}

{
  "name": "PirateStealer",
  "version": "1.0.0",
  "description": "",
}
{
  "name": "PirateStealer",
  "version": "1.0.0",
  "description": "",
}
{
  "name": "PirateStealer",
  "version": "1.0.0",
  "description": "",
}

{
  "name": "PirateStealer",
  "version": "1.0.0",
  "description": "",
}

{
  "name": "PirateStealer",
  "version": "1.0.0",
  "description": "",
}

{
  "name": "PirateStealer",
  "version": "1.0.0",
  "description": "",
}

{
  "name": "PirateStealer",
  "version": "1.0.0",
  "description": "",
}

{
  "name": "PirateStealer",
  "version": "1.0.0",
  "description": "",
}

{
  "name": "PirateStealer",
  "version": "1.0.0",
  "description": "",
}
{
  "name": "PirateStealer",
  "version": "1.0.0",
  "description": "",
}

{
  "name": "PirateStealer",
  "version": "1.0.0",
  "description": "",
}
{
  "name": "PirateStealer",
  "version": "1.0.0",
  "description": "",
}
{
  "name": "PirateStealer",
  "version": "1.0.0",
  "description": "",
}

{
  "name": "PirateStealer",
  "version": "1.0.0",
  "description": "",
}

{
  "name": "PirateStealer",
  "version": "1.0.0",
  "description": "",
}

{
  "name": "PirateStealer",
  "version": "1.0.0",
  "description": "",
}

{
  "name": "PirateStealer",
  "version": "1.0.0",
  "description": "",
}

{
  "name": "PirateStealer",
  "version": "1.0.0",
  "description": "",
}

{
  "name": "PirateStealer",
  "version": "1.0.0",
  "description": "",
}
{
  "name": "PirateStealer",
  "version": "1.0.0",
  "description": "",
}

{
  "name": "PirateStealer",
  "version": "1.0.0",
  "description": "",
}
{
  "name": "PirateStealer",
  "version": "1.0.0",
  "description": "",
}
{
  "name": "PirateStealer",
  "version": "1.0.0",
  "description": "",
}

{
  "name": "PirateStealer",
  "version": "1.0.0",
  "description": "",
}

{
  "name": "PirateStealer",
  "version": "1.0.0",
  "description": "",
}

{
  "name": "PirateStealer",
  "version": "1.0.0",
  "description": "",
}

{
  "name": "PirateStealer",
  "version": "1.0.0",
  "description": "",
}

{
  "name": "PirateStealer",
  "version": "1.0.0",
  "description": "",
}

{
  "name": "PirateStealer",
  "version": "1.0.0",
  "description": "",
}
{
  "name": "PirateStealer",
  "version": "1.0.0",
  "description": "",
}

{
  "name": "PirateStealer",
  "version": "1.0.0",
  "description": "",
}
{
  "name": "PirateStealer",
  "version": "1.0.0",
  "description": "",
}
{
  "name": "PirateStealer",
  "version": "1.0.0",
  "description": "",
}

{
  "name": "PirateStealer",
  "version": "1.0.0",
  "description": "",
}

{
  "name": "PirateStealer",
  "version": "1.0.0",
  "description": "",
}

{
  "name": "PirateStealer",
  "version": "1.0.0",
  "description": "",
}

{
  "name": "PirateStealer",
  "version": "1.0.0",
  "description": "",
}

{
  "name": "PirateStealer",
  "version": "1.0.0",
  "description": "",
}

{
  "name": "PirateStealer",
  "version": "1.0.0",
  "description": "",
}
{
  "name": "PirateStealer",
  "version": "1.0.0",
  "description": "",
}

{
  "name": "PirateStealer",
  "version": "1.0.0",
  "description": "",
}
{
  "name": "PirateStealer",
  "version": "1.0.0",
  "description": "",
}
{
  "name": "PirateStealer",
  "version": "1.0.0",
  "description": "",
}

{
  "name": "PirateStealer",
  "version": "1.0.0",
  "description": "",
}

{
  "name": "PirateStealer",
  "version": "1.0.0",
  "description": "",
}

{
  "name": "PirateStealer",
  "version": "1.0.0",
  "description": "",
}

{
  "name": "PirateStealer",
  "version": "1.0.0",
  "description": "",
}

{
  "name": "PirateStealer",
  "version": "1.0.0",
  "description": "",
}

{
  "name": "PirateStealer",
  "version": "1.0.0",
  "description": "",
}
{
  "name": "PirateStealer",
  "version": "1.0.0",
  "description": "",
}

{
  "name": "PirateStealer",
  "version": "1.0.0",
  "description": "",
}
{
  "name": "PirateStealer",
  "version": "1.0.0",
  "description": "",
}
{
  "name": "PirateStealer",
  "version": "1.0.0",
  "description": "",
}

{
  "name": "PirateStealer",
  "version": "1.0.0",
  "description": "",
}

{
  "name": "PirateStealer",
  "version": "1.0.0",
  "description": "",
}

{
  "name": "PirateStealer",
  "version": "1.0.0",
  "description": "",
}

{
  "name": "PirateStealer",
  "version": "1.0.0",
  "description": "",
}

{
  "name": "PirateStealer",
  "version": "1.0.0",
  "description": "",
}

{
  "name": "PirateStealer",
  "version": "1.0.0",
  "description": "",
}
{
  "name": "PirateStealer",
  "version": "1.0.0",
  "description": "",
}

{
  "name": "PirateStealer",
  "version": "1.0.0",
  "description": "",
}
{
  "name": "PirateStealer",
  "version": "1.0.0",
  "description": "",
}
{
  "name": "PirateStealer",
  "version": "1.0.0",
  "description": "",
}

{
  "name": "PirateStealer",
  "version": "1.0.0",
  "description": "",
}

{
  "name": "PirateStealer",
  "version": "1.0.0",
  "description": "",
}

{
  "name": "PirateStealer",
  "version": "1.0.0",
  "description": "",
}

{
  "name": "PirateStealer",
  "version": "1.0.0",
  "description": "",
}

{
  "name": "PirateStealer",
  "version": "1.0.0",
  "description": "",
}

{
  "name": "PirateStealer",
  "version": "1.0.0",
  "description": "",
}
{
  "name": "PirateStealer",
  "version": "1.0.0",
  "description": "",
}

{
  "name": "PirateStealer",
  "version": "1.0.0",
  "description": "",
}
{
  "name": "PirateStealer",
  "version": "1.0.0",
  "description": "",
}
{
  "name": "PirateStealer",
  "version": "1.0.0",
  "description": "",
}

{
  "name": "PirateStealer",
  "version": "1.0.0",
  "description": "",
}

{
  "name": "PirateStealer",
  "version": "1.0.0",
  "description": "",
}

{
  "name": "PirateStealer",
  "version": "1.0.0",
  "description": "",
}

{
  "name": "PirateStealer",
  "version": "1.0.0",
  "description": "",
}

{
  "name": "PirateStealer",
  "version": "1.0.0",
  "description": "",
}

{
  "name": "PirateStealer",
  "version": "1.0.0",
  "description": "",
}
{
  "name": "PirateStealer",
  "version": "1.0.0",
  "description": "",
}

{
  "name": "PirateStealer",
  "version": "1.0.0",
  "description": "",
}
